
Microsoft Visual Studio Solution File, Format Version 12.00
# Visual Studio 15
VisualStudioVersion = 15.0.27428.2037
MinimumVisualStudioVersion = 10.0.40219.1
Project("{FAE04EC0-301F-11D3-BF4B-00C04F79EFBC}") = "oyuncakmakine", "oyuncakmakine\oyuncakmakine.csproj", "{D7204D35-AE6D-43C6-BF67-13612894608E}"
EndProject
Global
	GlobalSection(SolutionConfigurationPlatforms) = preSolution
		Debug|Any CPU = Debug|Any CPU
		Release|Any CPU = Release|Any CPU
	EndGlobalSection
	GlobalSection(ProjectConfigurationPlatforms) = postSolution
		{D7204D35-AE6D-43C6-BF67-13612894608E}.Debug|Any CPU.ActiveCfg = Debug|Any CPU
		{D7204D35-AE6D-43C6-BF67-13612894608E}.Debug|Any CPU.Build.0 = Debug|Any CPU
		{D7204D35-AE6D-43C6-BF67-13612894608E}.Release|Any CPU.ActiveCfg = Release|Any CPU
		{D7204D35-AE6D-43C6-BF67-13612894608E}.Release|Any CPU.Build.0 = Release|Any CPU
	EndGlobalSection
	GlobalSection(SolutionProperties) = preSolution
		HideSolutionNode = FALSE
	EndGlobalSection
	GlobalSection(ExtensibilityGlobals) = postSolution
		SolutionGuid = {70936134-D58E-4747-8450-C14223320ED9}
	EndGlobalSection
EndGlobal
